Microsoft Visual Studio Solution File, Format Version 12.00
# Visual Studio Version 17
VisualStudioVersion = 17.5.2.0
MinimumVisualStudioVersion = 10.0.40219.1
Project("{2150E333-8FDC-42A3-9474-1A3956D46DE8}") = "src", "src", "{827E0CD3-B72D-47B6-A68D-7590B98EB39B}"
EndProject
Project("{FAE04EC0-301F-11D3-BF4B-00C04F79EFBC}") = "HC.Application.Contracts", "src\HC.Application.Contracts\HC.Application.Contracts.csproj", "{17AB2DE0-BE1D-DBDC-DF3D-688D7CF16BB2}"
EndProject
Project("{FAE04EC0-301F-11D3-BF4B-00C04F79EFBC}") = "HC.Application", "src\HC.Application\HC.Application.csproj", "{2E320D40-EDB5-93A5-2A2C-E8A519B8E3C9}"
EndProject
Project("{FAE04EC0-301F-11D3-BF4B-00C04F79EFBC}") = "HC.Domain.Shared", "src\HC.Domain.Shared\HC.Domain.Shared.csproj", "{C7415D7F-1091-8023-2545-376EB00E11D9}"
EndProject
Project("{FAE04EC0-301F-11D3-BF4B-00C04F79EFBC}") = "HC.DbMigrator", "src\HC.DbMigrator\HC.DbMigrator.csproj", "{0C433F41-E415-6E7F-2C5F-4F14DFB43968}"
EndProject
Project("{FAE04EC0-301F-11D3-BF4B-00C04F79EFBC}") = "HC.HttpApi.Client", "src\HC.HttpApi.Client\HC.HttpApi.Client.csproj", "{5EDA1061-60B3-5B60-4035-8CE3838A4308}"
EndProject
Project("{FAE04EC0-301F-11D3-BF4B-00C04F79EFBC}") = "HC.EntityFrameworkCore", "src\HC.EntityFrameworkCore\HC.EntityFrameworkCore.csproj", "{5242831A-84ED-B80B-F72D-40B3A1FDEB5A}"
EndProject
Project("{FAE04EC0-301F-11D3-BF4B-00C04F79EFBC}") = "HC.Domain", "src\HC.Domain\HC.Domain.csproj", "{0B415476-A508-CAFF-527F-A9A0A04C87B3}"
EndProject
Project("{FAE04EC0-301F-11D3-BF4B-00C04F79EFBC}") = "HC.HttpApi.Host", "src\HC.HttpApi.Host\HC.HttpApi.Host.csproj", "{B7F20121-149E-357D-6D93-8657E759B884}"
EndProject
Project("{FAE04EC0-301F-11D3-BF4B-00C04F79EFBC}") = "HC.Blazor", "src\HC.Blazor\HC.Blazor.csproj", "{120D137F-B51F-8821-E95F-FA14C77362B8}"
EndProject
Project("{FAE04EC0-301F-11D3-BF4B-00C04F79EFBC}") = "HC.AuthServer", "src\HC.AuthServer\HC.AuthServer.csproj", "{B4FE5B14-54B7-9B0D-1D1D-D5F80BF42F63}"
EndProject
Project("{FAE04EC0-301F-11D3-BF4B-00C04F79EFBC}") = "HC.HttpApi", "src\HC.HttpApi\HC.HttpApi.csproj", "{54700F63-8243-B937-D460-7041ED04BAEE}"
EndProject
Global
	GlobalSection(SolutionConfigurationPlatforms) = preSolution
		Debug|Any CPU = Debug|Any CPU
		Release|Any CPU = Release|Any CPU
	EndGlobalSection
	GlobalSection(ProjectConfigurationPlatforms) = postSolution
		{17AB2DE0-BE1D-DBDC-DF3D-688D7CF16BB2}.Debug|Any CPU.ActiveCfg = Debug|Any CPU
		{17AB2DE0-BE1D-DBDC-DF3D-688D7CF16BB2}.Debug|Any CPU.Build.0 = Debug|Any CPU
		{17AB2DE0-BE1D-DBDC-DF3D-688D7CF16BB2}.Release|Any CPU.ActiveCfg = Release|Any CPU
		{17AB2DE0-BE1D-DBDC-DF3D-688D7CF16BB2}.Release|Any CPU.Build.0 = Release|Any CPU
		{2E320D40-EDB5-93A5-2A2C-E8A519B8E3C9}.Debug|Any CPU.ActiveCfg = Debug|Any CPU
		{2E320D40-EDB5-93A5-2A2C-E8A519B8E3C9}.Debug|Any CPU.Build.0 = Debug|Any CPU
		{2E320D40-EDB5-93A5-2A2C-E8A519B8E3C9}.Release|Any CPU.ActiveCfg = Release|Any CPU
		{2E320D40-EDB5-93A5-2A2C-E8A519B8E3C9}.Release|Any CPU.Build.0 = Release|Any CPU
		{C7415D7F-1091-8023-2545-376EB00E11D9}.Debug|Any CPU.ActiveCfg = Debug|Any CPU
		{C7415D7F-1091-8023-2545-376EB00E11D9}.Debug|Any CPU.Build.0 = Debug|Any CPU
		{C7415D7F-1091-8023-2545-376EB00E11D9}.Release|Any CPU.ActiveCfg = Release|Any CPU
		{C7415D7F-1091-8023-2545-376EB00E11D9}.Release|Any CPU.Build.0 = Release|Any CPU
		{0C433F41-E415-6E7F-2C5F-4F14DFB43968}.Debug|Any CPU.ActiveCfg = Debug|Any CPU
		{0C433F41-E415-6E7F-2C5F-4F14DFB43968}.Debug|Any CPU.Build.0 = Debug|Any CPU
		{0C433F41-E415-6E7F-2C5F-4F14DFB43968}.Release|Any CPU.ActiveCfg = Release|Any CPU
		{0C433F41-E415-6E7F-2C5F-4F14DFB43968}.Release|Any CPU.Build.0 = Release|Any CPU
		{5EDA1061-60B3-5B60-4035-8CE3838A4308}.Debug|Any CPU.ActiveCfg = Debug|Any CPU
		{5EDA1061-60B3-5B60-4035-8CE3838A4308}.Debug|Any CPU.Build.0 = Debug|Any CPU
		{5EDA1061-60B3-5B60-4035-8CE3838A4308}.Release|Any CPU.ActiveCfg = Release|Any CPU
		{5EDA1061-60B3-5B60-4035-8CE3838A4308}.Release|Any CPU.Build.0 = Release|Any CPU
		{5242831A-84ED-B80B-F72D-40B3A1FDEB5A}.Debug|Any CPU.ActiveCfg = Debug|Any CPU
		{5242831A-84ED-B80B-F72D-40B3A1FDEB5A}.Debug|Any CPU.Build.0 = Debug|Any CPU
		{5242831A-84ED-B80B-F72D-40B3A1FDEB5A}.Release|Any CPU.ActiveCfg = Release|Any CPU
		{5242831A-84ED-B80B-F72D-40B3A1FDEB5A}.Release|Any CPU.Build.0 = Release|Any CPU
		{0B415476-A508-CAFF-527F-A9A0A04C87B3}.Debug|Any CPU.ActiveCfg = Debug|Any CPU
		{0B415476-A508-CAFF-527F-A9A0A04C87B3}.Debug|Any CPU.Build.0 = Debug|Any CPU
		{0B415476-A508-CAFF-527F-A9A0A04C87B3}.Release|Any CPU.ActiveCfg = Release|Any CPU
		{0B415476-A508-CAFF-527F-A9A0A04C87B3}.Release|Any CPU.Build.0 = Release|Any CPU
		{B7F20121-149E-357D-6D93-8657E759B884}.Debug|Any CPU.ActiveCfg = Debug|Any CPU
		{B7F20121-149E-357D-6D93-8657E759B884}.Debug|Any CPU.Build.0 = Debug|Any CPU
		{B7F20121-149E-357D-6D93-8657E759B884}.Release|Any CPU.ActiveCfg = Release|Any CPU
		{B7F20121-149E-357D-6D93-8657E759B884}.Release|Any CPU.Build.0 = Release|Any CPU
		{120D137F-B51F-8821-E95F-FA14C77362B8}.Debug|Any CPU.ActiveCfg = Debug|Any CPU
		{120D137F-B51F-8821-E95F-FA14C77362B8}.Debug|Any CPU.Build.0 = Debug|Any CPU
		{120D137F-B51F-8821-E95F-FA14C77362B8}.Release|Any CPU.ActiveCfg = Release|Any CPU
		{120D137F-B51F-8821-E95F-FA14C77362B8}.Release|Any CPU.Build.0 = Release|Any CPU
		{B4FE5B14-54B7-9B0D-1D1D-D5F80BF42F63}.Debug|Any CPU.ActiveCfg = Debug|Any CPU
		{B4FE5B14-54B7-9B0D-1D1D-D5F80BF42F63}.Debug|Any CPU.Build.0 = Debug|Any CPU
		{B4FE5B14-54B7-9B0D-1D1D-D5F80BF42F63}.Release|Any CPU.ActiveCfg = Release|Any CPU
		{B4FE5B14-54B7-9B0D-1D1D-D5F80BF42F63}.Release|Any CPU.Build.0 = Release|Any CPU
		{54700F63-8243-B937-D460-7041ED04BAEE}.Debug|Any CPU.ActiveCfg = Debug|Any CPU
		{54700F63-8243-B937-D460-7041ED04BAEE}.Debug|Any CPU.Build.0 = Debug|Any CPU
		{54700F63-8243-B937-D460-7041ED04BAEE}.Release|Any CPU.ActiveCfg = Release|Any CPU
		{54700F63-8243-B937-D460-7041ED04BAEE}.Release|Any CPU.Build.0 = Release|Any CPU
	EndGlobalSection
	GlobalSection(SolutionProperties) = preSolution
		HideSolutionNode = FALSE
	EndGlobalSection
	GlobalSection(NestedProjects) = preSolution
		{17AB2DE0-BE1D-DBDC-DF3D-688D7CF16BB2} = {827E0CD3-B72D-47B6-A68D-7590B98EB39B}
		{2E320D40-EDB5-93A5-2A2C-E8A519B8E3C9} = {827E0CD3-B72D-47B6-A68D-7590B98EB39B}
		{C7415D7F-1091-8023-2545-376EB00E11D9} = {827E0CD3-B72D-47B6-A68D-7590B98EB39B}
		{0C433F41-E415-6E7F-2C5F-4F14DFB43968} = {827E0CD3-B72D-47B6-A68D-7590B98EB39B}
		{5EDA1061-60B3-5B60-4035-8CE3838A4308} = {827E0CD3-B72D-47B6-A68D-7590B98EB39B}
		{5242831A-84ED-B80B-F72D-40B3A1FDEB5A} = {827E0CD3-B72D-47B6-A68D-7590B98EB39B}
		{0B415476-A508-CAFF-527F-A9A0A04C87B3} = {827E0CD3-B72D-47B6-A68D-7590B98EB39B}
		{B7F20121-149E-357D-6D93-8657E759B884} = {827E0CD3-B72D-47B6-A68D-7590B98EB39B}
		{120D137F-B51F-8821-E95F-FA14C77362B8} = {827E0CD3-B72D-47B6-A68D-7590B98EB39B}
		{B4FE5B14-54B7-9B0D-1D1D-D5F80BF42F63} = {827E0CD3-B72D-47B6-A68D-7590B98EB39B}
		{54700F63-8243-B937-D460-7041ED04BAEE} = {827E0CD3-B72D-47B6-A68D-7590B98EB39B}
	EndGlobalSection
	GlobalSection(ExtensibilityGlobals) = postSolution
		SolutionGuid = {15357466-12FC-485C-9829-8B88A11BA92D}
	EndGlobalSection
EndGlobal
